
Microsoft Visual Studio Solution File, Format Version 12.00
# Visual Studio 15
Project("{FAE04EC0-301F-11D3-BF4B-00C04F79EFBC}") = "Oculus.Interaction.Editor", "Oculus.Interaction.Editor.csproj", "{EAC20AA6-52AC-05E9-B2B5-11AF73A54A65}"
EndProject
Project("{FAE04EC0-301F-11D3-BF4B-00C04F79EFBC}") = "Meta.WitAi.Conduit", "Meta.WitAi.Conduit.csproj", "{84DE06A5-8AEC-530F-35E7-2DBA1E1E2FC7}"
EndProject
Project("{FAE04EC0-301F-11D3-BF4B-00C04F79EFBC}") = "Oculus.VR", "Oculus.VR.csproj", "{F0146BFA-C18E-0100-F2A9-B717F9B69BFF}"
EndProject
Project("{FAE04EC0-301F-11D3-BF4B-00C04F79EFBC}") = "Oculus.Interaction", "Oculus.Interaction.csproj", "{F629340A-87D3-62D0-7D4C-11C6205AB683}"
EndProject
Project("{FAE04EC0-301F-11D3-BF4B-00C04F79EFBC}") = "Meta.WitAi.Editor", "Meta.WitAi.Editor.csproj", "{855835EF-5774-66CE-ABC4-2426E71E564F}"
EndProject
Project("{FAE04EC0-301F-11D3-BF4B-00C04F79EFBC}") = "Assembly-CSharp", "Assembly-CSharp.csproj", "{5CD7A774-10B3-438A-4FE6-F6D14A8958F2}"
EndProject
Project("{FAE04EC0-301F-11D3-BF4B-00C04F79EFBC}") = "Oculus.Platform", "Oculus.Platform.csproj", "{3E162926-2EE2-4B4A-A614-54A10585F6D1}"
EndProject
Project("{FAE04EC0-301F-11D3-BF4B-00C04F79EFBC}") = "Meta.WitAi.Conduit.Editor", "Meta.WitAi.Conduit.Editor.csproj", "{0A98551F-D11A-4F72-0C0D-2BE3A430B66E}"
EndProject
Project("{FAE04EC0-301F-11D3-BF4B-00C04F79EFBC}") = "Meta.WitAi", "Meta.WitAi.csproj", "{367CBE3F-667D-B0E1-F3A9-C8A5E014EBD8}"
EndProject
Project("{FAE04EC0-301F-11D3-BF4B-00C04F79EFBC}") = "Oculus.Interaction.OVR.Samples", "Oculus.Interaction.OVR.Samples.csproj", "{43828B35-E1BD-A928-DCE3-F61F71F7002A}"
EndProject
Project("{FAE04EC0-301F-11D3-BF4B-00C04F79EFBC}") = "Meta.WitAi.Lib", "Meta.WitAi.Lib.csproj", "{51D83F8B-13B3-0DAD-DC2A-A4E10618A069}"
EndProject
Project("{FAE04EC0-301F-11D3-BF4B-00C04F79EFBC}") = "Oculus.VR.Editor", "Oculus.VR.Editor.csproj", "{E4626774-A21C-055E-BD1C-F8151BE0B140}"
EndProject
Project("{FAE04EC0-301F-11D3-BF4B-00C04F79EFBC}") = "VoiceSDK.Dictation.Runtime", "VoiceSDK.Dictation.Runtime.csproj", "{59B23046-DA7E-7EEE-81D2-1ACD1E4DD1CE}"
EndProject
Project("{FAE04EC0-301F-11D3-BF4B-00C04F79EFBC}") = "Oculus.LipSync", "Oculus.LipSync.csproj", "{DCBDF0B9-2BF6-ADF1-A037-46684263453A}"
EndProject
Project("{FAE04EC0-301F-11D3-BF4B-00C04F79EFBC}") = "Oculus.Interaction.OVR", "Oculus.Interaction.OVR.csproj", "{E65CE035-ED73-D738-30A2-48F6396C1641}"
EndProject
Project("{FAE04EC0-301F-11D3-BF4B-00C04F79EFBC}") = "Meta.WitAi.TTS.Samples", "Meta.WitAi.TTS.Samples.csproj", "{F59AFA09-90DB-E25C-FC28-C11FB9108A51}"
EndProject
Project("{FAE04EC0-301F-11D3-BF4B-00C04F79EFBC}") = "VoiceSDK.Editor", "VoiceSDK.Editor.csproj", "{2FCDF92A-C56B-5D0F-76C4-08065A327EC5}"
EndProject
Project("{FAE04EC0-301F-11D3-BF4B-00C04F79EFBC}") = "Meta.WitAI.Lib.Editor", "Meta.WitAI.Lib.Editor.csproj", "{22DE3FAD-4066-86D7-B5A6-242523A27F0A}"
EndProject
Project("{FAE04EC0-301F-11D3-BF4B-00C04F79EFBC}") = "Oculus.Spatializer.Editor", "Oculus.Spatializer.Editor.csproj", "{A378E2DD-959B-6D06-2CBF-4D5E5DE1A68A}"
EndProject
Project("{FAE04EC0-301F-11D3-BF4B-00C04F79EFBC}") = "Oculus.AudioManager", "Oculus.AudioManager.csproj", "{6CC32019-9DAB-BAC4-D73D-18F2DD53EA6A}"
EndProject
Project("{FAE04EC0-301F-11D3-BF4B-00C04F79EFBC}") = "AssistantCoreSDKRuntime", "AssistantCoreSDKRuntime.csproj", "{839B678A-0603-A087-DB78-61F119F89149}"
EndProject
Project("{FAE04EC0-301F-11D3-BF4B-00C04F79EFBC}") = "Facebook.Wit.Dictation", "Facebook.Wit.Dictation.csproj", "{80C7B410-B945-92D6-373B-FB92C83F7E94}"
EndProject
Project("{FAE04EC0-301F-11D3-BF4B-00C04F79EFBC}") = "Oculus.Platform.Editor", "Oculus.Platform.Editor.csproj", "{9A6E22EB-8ACF-0681-D9F5-567F448B73D5}"
EndProject
Project("{FAE04EC0-301F-11D3-BF4B-00C04F79EFBC}") = "VoiceSDK.Runtime", "VoiceSDK.Runtime.csproj", "{DFD80DC2-CB02-EFA8-BD38-97F2116BE522}"
EndProject
Project("{FAE04EC0-301F-11D3-BF4B-00C04F79EFBC}") = "Meta.WitAi.TTS", "Meta.WitAi.TTS.csproj", "{895EECD6-20A5-0D88-37E6-F007E1821CE0}"
EndProject
Project("{FAE04EC0-301F-11D3-BF4B-00C04F79EFBC}") = "Oculus.AudioManager.Audio.Editor", "Oculus.AudioManager.Audio.Editor.csproj", "{F90782AB-EA58-F03D-6910-82F55581A94E}"
EndProject
Project("{FAE04EC0-301F-11D3-BF4B-00C04F79EFBC}") = "Assembly-CSharp-Editor", "Assembly-CSharp-Editor.csproj", "{03745A1F-C624-14AB-6F4B-7797258A5448}"
EndProject
Project("{FAE04EC0-301F-11D3-BF4B-00C04F79EFBC}") = "Oculus.Voice.Demo", "Oculus.Voice.Demo.csproj", "{DD1A2670-CE07-28E8-958F-F1BBF379B2F7}"
EndProject
Project("{FAE04EC0-301F-11D3-BF4B-00C04F79EFBC}") = "Oculus.VR.Scripts.Editor", "Oculus.VR.Scripts.Editor.csproj", "{F6F8FD86-0F3F-2982-0F17-021A2921FB10}"
EndProject
Project("{FAE04EC0-301F-11D3-BF4B-00C04F79EFBC}") = "Oculus.Interaction.Samples.Editor", "Oculus.Interaction.Samples.Editor.csproj", "{0DEC0BD9-BA98-5123-DFD5-A324BE3B14B1}"
EndProject
Project("{FAE04EC0-301F-11D3-BF4B-00C04F79EFBC}") = "Meta.WitAi.TTS.Editor", "Meta.WitAi.TTS.Editor.csproj", "{DC6072E9-9323-4326-0283-7C81352C8C22}"
EndProject
Project("{FAE04EC0-301F-11D3-BF4B-00C04F79EFBC}") = "Oculus.Interaction.OVR.Editor", "Oculus.Interaction.OVR.Editor.csproj", "{5605CDCE-B584-535A-0198-5FF636A3F2E9}"
EndProject
Project("{FAE04EC0-301F-11D3-BF4B-00C04F79EFBC}") = "Oculus.Spatializer", "Oculus.Spatializer.csproj", "{F4A75C6A-D492-05AF-904C-D837276BDDA1}"
EndProject
Project("{FAE04EC0-301F-11D3-BF4B-00C04F79EFBC}") = "Oculus.LipSync.Editor", "Oculus.LipSync.Editor.csproj", "{29AFDD36-3AC6-5095-41C1-9FDE3F24E50A}"
EndProject
Project("{FAE04EC0-301F-11D3-BF4B-00C04F79EFBC}") = "Oculus.AudioManager.Utils.Editor", "Oculus.AudioManager.Utils.Editor.csproj", "{3872ECBA-B49E-D475-E766-ACD7DFD191F9}"
EndProject
Project("{FAE04EC0-301F-11D3-BF4B-00C04F79EFBC}") = "Meta.VoiceSDK.Mic.Common", "Meta.VoiceSDK.Mic.Common.csproj", "{A4D68600-85B9-6CA0-2DA4-04BAED8CC68B}"
EndProject
Project("{FAE04EC0-301F-11D3-BF4B-00C04F79EFBC}") = "VoiceSDK.Dictation.Editor", "VoiceSDK.Dictation.Editor.csproj", "{2E8DB0D1-327B-A8BC-7B2E-A484BBF31EC1}"
EndProject
Project("{FAE04EC0-301F-11D3-BF4B-00C04F79EFBC}") = "Meta.VoiceSDK.Mic.Other", "Meta.VoiceSDK.Mic.Other.csproj", "{4719180B-1371-493F-D1F4-CFD812D69130}"
EndProject
Project("{FAE04EC0-301F-11D3-BF4B-00C04F79EFBC}") = "AssistantCoreSDKEditor", "AssistantCoreSDKEditor.csproj", "{E3B9D331-CEF6-B2D7-292E-52D5D38C9CE8}"
EndProject
Project("{FAE04EC0-301F-11D3-BF4B-00C04F79EFBC}") = "Oculus.Interaction.InterfaceSupport", "Oculus.Interaction.InterfaceSupport.csproj", "{B9E3AE94-BFC2-6012-7BAC-AD01770FEFBB}"
EndProject
Project("{FAE04EC0-301F-11D3-BF4B-00C04F79EFBC}") = "Facebook.Wit.Dictation.Editor", "Facebook.Wit.Dictation.Editor.csproj", "{E25BEC1E-EB20-5416-4024-323212446D20}"
EndProject
Project("{FAE04EC0-301F-11D3-BF4B-00C04F79EFBC}") = "Meta.VoiceSDK.Mic.WebGL", "Meta.VoiceSDK.Mic.WebGL.csproj", "{F3FA9C84-B8B6-0211-1A0B-F170B9CB2EFA}"
EndProject
Global
	GlobalSection(SolutionConfigurationPlatforms) = preSolution
		Debug|Any CPU = Debug|Any CPU
		Release|Any CPU = Release|Any CPU
	EndGlobalSection
	GlobalSection(ProjectConfigurationPlatforms) = postSolution
		{EAC20AA6-52AC-05E9-B2B5-11AF73A54A65}.Debug|Any CPU.ActiveCfg = Debug|Any CPU
		{EAC20AA6-52AC-05E9-B2B5-11AF73A54A65}.Debug|Any CPU.Build.0 = Debug|Any CPU
		{EAC20AA6-52AC-05E9-B2B5-11AF73A54A65}.Release|Any CPU.ActiveCfg = Release|Any CPU
		{EAC20AA6-52AC-05E9-B2B5-11AF73A54A65}.Release|Any CPU.Build.0 = Release|Any CPU
		{84DE06A5-8AEC-530F-35E7-2DBA1E1E2FC7}.Debug|Any CPU.ActiveCfg = Debug|Any CPU
		{84DE06A5-8AEC-530F-35E7-2DBA1E1E2FC7}.Debug|Any CPU.Build.0 = Debug|Any CPU
		{84DE06A5-8AEC-530F-35E7-2DBA1E1E2FC7}.Release|Any CPU.ActiveCfg = Release|Any CPU
		{84DE06A5-8AEC-530F-35E7-2DBA1E1E2FC7}.Release|Any CPU.Build.0 = Release|Any CPU
		{F0146BFA-C18E-0100-F2A9-B717F9B69BFF}.Debug|Any CPU.ActiveCfg = Debug|Any CPU
		{F0146BFA-C18E-0100-F2A9-B717F9B69BFF}.Debug|Any CPU.Build.0 = Debug|Any CPU
		{F0146BFA-C18E-0100-F2A9-B717F9B69BFF}.Release|Any CPU.ActiveCfg = Release|Any CPU
		{F0146BFA-C18E-0100-F2A9-B717F9B69BFF}.Release|Any CPU.Build.0 = Release|Any CPU
		{F629340A-87D3-62D0-7D4C-11C6205AB683}.Debug|Any CPU.ActiveCfg = Debug|Any CPU
		{F629340A-87D3-62D0-7D4C-11C6205AB683}.Debug|Any CPU.Build.0 = Debug|Any CPU
		{F629340A-87D3-62D0-7D4C-11C6205AB683}.Release|Any CPU.ActiveCfg = Release|Any CPU
		{F629340A-87D3-62D0-7D4C-11C6205AB683}.Release|Any CPU.Build.0 = Release|Any CPU
		{855835EF-5774-66CE-ABC4-2426E71E564F}.Debug|Any CPU.ActiveCfg = Debug|Any CPU
		{855835EF-5774-66CE-ABC4-2426E71E564F}.Debug|Any CPU.Build.0 = Debug|Any CPU
		{855835EF-5774-66CE-ABC4-2426E71E564F}.Release|Any CPU.ActiveCfg = Release|Any CPU
		{855835EF-5774-66CE-ABC4-2426E71E564F}.Release|Any CPU.Build.0 = Release|Any CPU
		{5CD7A774-10B3-438A-4FE6-F6D14A8958F2}.Debug|Any CPU.ActiveCfg = Debug|Any CPU
		{5CD7A774-10B3-438A-4FE6-F6D14A8958F2}.Debug|Any CPU.Build.0 = Debug|Any CPU
		{5CD7A774-10B3-438A-4FE6-F6D14A8958F2}.Release|Any CPU.ActiveCfg = Release|Any CPU
		{5CD7A774-10B3-438A-4FE6-F6D14A8958F2}.Release|Any CPU.Build.0 = Release|Any CPU
		{3E162926-2EE2-4B4A-A614-54A10585F6D1}.Debug|Any CPU.ActiveCfg = Debug|Any CPU
		{3E162926-2EE2-4B4A-A614-54A10585F6D1}.Debug|Any CPU.Build.0 = Debug|Any CPU
		{3E162926-2EE2-4B4A-A614-54A10585F6D1}.Release|Any CPU.ActiveCfg = Release|Any CPU
		{3E162926-2EE2-4B4A-A614-54A10585F6D1}.Release|Any CPU.Build.0 = Release|Any CPU
		{0A98551F-D11A-4F72-0C0D-2BE3A430B66E}.Debug|Any CPU.ActiveCfg = Debug|Any CPU
		{0A98551F-D11A-4F72-0C0D-2BE3A430B66E}.Debug|Any CPU.Build.0 = Debug|Any CPU
		{0A98551F-D11A-4F72-0C0D-2BE3A430B66E}.Release|Any CPU.ActiveCfg = Release|Any CPU
		{0A98551F-D11A-4F72-0C0D-2BE3A430B66E}.Release|Any CPU.Build.0 = Release|Any CPU
		{367CBE3F-667D-B0E1-F3A9-C8A5E014EBD8}.Debug|Any CPU.ActiveCfg = Debug|Any CPU
		{367CBE3F-667D-B0E1-F3A9-C8A5E014EBD8}.Debug|Any CPU.Build.0 = Debug|Any CPU
		{367CBE3F-667D-B0E1-F3A9-C8A5E014EBD8}.Release|Any CPU.ActiveCfg = Release|Any CPU
		{367CBE3F-667D-B0E1-F3A9-C8A5E014EBD8}.Release|Any CPU.Build.0 = Release|Any CPU
		{43828B35-E1BD-A928-DCE3-F61F71F7002A}.Debug|Any CPU.ActiveCfg = Debug|Any CPU
		{43828B35-E1BD-A928-DCE3-F61F71F7002A}.Debug|Any CPU.Build.0 = Debug|Any CPU
		{43828B35-E1BD-A928-DCE3-F61F71F7002A}.Release|Any CPU.ActiveCfg = Release|Any CPU
		{43828B35-E1BD-A928-DCE3-F61F71F7002A}.Release|Any CPU.Build.0 = Release|Any CPU
		{51D83F8B-13B3-0DAD-DC2A-A4E10618A069}.Debug|Any CPU.ActiveCfg = Debug|Any CPU
		{51D83F8B-13B3-0DAD-DC2A-A4E10618A069}.Debug|Any CPU.Build.0 = Debug|Any CPU
		{51D83F8B-13B3-0DAD-DC2A-A4E10618A069}.Release|Any CPU.ActiveCfg = Release|Any CPU
		{51D83F8B-13B3-0DAD-DC2A-A4E10618A069}.Release|Any CPU.Build.0 = Release|Any CPU
		{E4626774-A21C-055E-BD1C-F8151BE0B140}.Debug|Any CPU.ActiveCfg = Debug|Any CPU
		{E4626774-A21C-055E-BD1C-F8151BE0B140}.Debug|Any CPU.Build.0 = Debug|Any CPU
		{E4626774-A21C-055E-BD1C-F8151BE0B140}.Release|Any CPU.ActiveCfg = Release|Any CPU
		{E4626774-A21C-055E-BD1C-F8151BE0B140}.Release|Any CPU.Build.0 = Release|Any CPU
		{59B23046-DA7E-7EEE-81D2-1ACD1E4DD1CE}.Debug|Any CPU.ActiveCfg = Debug|Any CPU
		{59B23046-DA7E-7EEE-81D2-1ACD1E4DD1CE}.Debug|Any CPU.Build.0 = Debug|Any CPU
		{59B23046-DA7E-7EEE-81D2-1ACD1E4DD1CE}.Release|Any CPU.ActiveCfg = Release|Any CPU
		{59B23046-DA7E-7EEE-81D2-1ACD1E4DD1CE}.Release|Any CPU.Build.0 = Release|Any CPU
		{DCBDF0B9-2BF6-ADF1-A037-46684263453A}.Debug|Any CPU.ActiveCfg = Debug|Any CPU
		{DCBDF0B9-2BF6-ADF1-A037-46684263453A}.Debug|Any CPU.Build.0 = Debug|Any CPU
		{DCBDF0B9-2BF6-ADF1-A037-46684263453A}.Release|Any CPU.ActiveCfg = Release|Any CPU
		{DCBDF0B9-2BF6-ADF1-A037-46684263453A}.Release|Any CPU.Build.0 = Release|Any CPU
		{E65CE035-ED73-D738-30A2-48F6396C1641}.Debug|Any CPU.ActiveCfg = Debug|Any CPU
		{E65CE035-ED73-D738-30A2-48F6396C1641}.Debug|Any CPU.Build.0 = Debug|Any CPU
		{E65CE035-ED73-D738-30A2-48F6396C1641}.Release|Any CPU.ActiveCfg = Release|Any CPU
		{E65CE035-ED73-D738-30A2-48F6396C1641}.Release|Any CPU.Build.0 = Release|Any CPU
		{F59AFA09-90DB-E25C-FC28-C11FB9108A51}.Debug|Any CPU.ActiveCfg = Debug|Any CPU
		{F59AFA09-90DB-E25C-FC28-C11FB9108A51}.Debug|Any CPU.Build.0 = Debug|Any CPU
		{F59AFA09-90DB-E25C-FC28-C11FB9108A51}.Release|Any CPU.ActiveCfg = Release|Any CPU
		{F59AFA09-90DB-E25C-FC28-C11FB9108A51}.Release|Any CPU.Build.0 = Release|Any CPU
		{2FCDF92A-C56B-5D0F-76C4-08065A327EC5}.Debug|Any CPU.ActiveCfg = Debug|Any CPU
		{2FCDF92A-C56B-5D0F-76C4-08065A327EC5}.Debug|Any CPU.Build.0 = Debug|Any CPU
		{2FCDF92A-C56B-5D0F-76C4-08065A327EC5}.Release|Any CPU.ActiveCfg = Release|Any CPU
		{2FCDF92A-C56B-5D0F-76C4-08065A327EC5}.Release|Any CPU.Build.0 = Release|Any CPU
		{22DE3FAD-4066-86D7-B5A6-242523A27F0A}.Debug|Any CPU.ActiveCfg = Debug|Any CPU
		{22DE3FAD-4066-86D7-B5A6-242523A27F0A}.Debug|Any CPU.Build.0 = Debug|Any CPU
		{22DE3FAD-4066-86D7-B5A6-242523A27F0A}.Release|Any CPU.ActiveCfg = Release|Any CPU
		{22DE3FAD-4066-86D7-B5A6-242523A27F0A}.Release|Any CPU.Build.0 = Release|Any CPU
		{A378E2DD-959B-6D06-2CBF-4D5E5DE1A68A}.Debug|Any CPU.ActiveCfg = Debug|Any CPU
		{A378E2DD-959B-6D06-2CBF-4D5E5DE1A68A}.Debug|Any CPU.Build.0 = Debug|Any CPU
		{A378E2DD-959B-6D06-2CBF-4D5E5DE1A68A}.Release|Any CPU.ActiveCfg = Release|Any CPU
		{A378E2DD-959B-6D06-2CBF-4D5E5DE1A68A}.Release|Any CPU.Build.0 = Release|Any CPU
		{6CC32019-9DAB-BAC4-D73D-18F2DD53EA6A}.Debug|Any CPU.ActiveCfg = Debug|Any CPU
		{6CC32019-9DAB-BAC4-D73D-18F2DD53EA6A}.Debug|Any CPU.Build.0 = Debug|Any CPU
		{6CC32019-9DAB-BAC4-D73D-18F2DD53EA6A}.Release|Any CPU.ActiveCfg = Release|Any CPU
		{6CC32019-9DAB-BAC4-D73D-18F2DD53EA6A}.Release|Any CPU.Build.0 = Release|Any CPU
		{839B678A-0603-A087-DB78-61F119F89149}.Debug|Any CPU.ActiveCfg = Debug|Any CPU
		{839B678A-0603-A087-DB78-61F119F89149}.Debug|Any CPU.Build.0 = Debug|Any CPU
		{839B678A-0603-A087-DB78-61F119F89149}.Release|Any CPU.ActiveCfg = Release|Any CPU
		{839B678A-0603-A087-DB78-61F119F89149}.Release|Any CPU.Build.0 = Release|Any CPU
		{80C7B410-B945-92D6-373B-FB92C83F7E94}.Debug|Any CPU.ActiveCfg = Debug|Any CPU
		{80C7B410-B945-92D6-373B-FB92C83F7E94}.Debug|Any CPU.Build.0 = Debug|Any CPU
		{80C7B410-B945-92D6-373B-FB92C83F7E94}.Release|Any CPU.ActiveCfg = Release|Any CPU
		{80C7B410-B945-92D6-373B-FB92C83F7E94}.Release|Any CPU.Build.0 = Release|Any CPU
		{9A6E22EB-8ACF-0681-D9F5-567F448B73D5}.Debug|Any CPU.ActiveCfg = Debug|Any CPU
		{9A6E22EB-8ACF-0681-D9F5-567F448B73D5}.Debug|Any CPU.Build.0 = Debug|Any CPU
		{9A6E22EB-8ACF-0681-D9F5-567F448B73D5}.Release|Any CPU.ActiveCfg = Release|Any CPU
		{9A6E22EB-8ACF-0681-D9F5-567F448B73D5}.Release|Any CPU.Build.0 = Release|Any CPU
		{DFD80DC2-CB02-EFA8-BD38-97F2116BE522}.Debug|Any CPU.ActiveCfg = Debug|Any CPU
		{DFD80DC2-CB02-EFA8-BD38-97F2116BE522}.Debug|Any CPU.Build.0 = Debug|Any CPU
		{DFD80DC2-CB02-EFA8-BD38-97F2116BE522}.Release|Any CPU.ActiveCfg = Release|Any CPU
		{DFD80DC2-CB02-EFA8-BD38-97F2116BE522}.Release|Any CPU.Build.0 = Release|Any CPU
		{895EECD6-20A5-0D88-37E6-F007E1821CE0}.Debug|Any CPU.ActiveCfg = Debug|Any CPU
		{895EECD6-20A5-0D88-37E6-F007E1821CE0}.Debug|Any CPU.Build.0 = Debug|Any CPU
		{895EECD6-20A5-0D88-37E6-F007E1821CE0}.Release|Any CPU.ActiveCfg = Release|Any CPU
		{895EECD6-20A5-0D88-37E6-F007E1821CE0}.Release|Any CPU.Build.0 = Release|Any CPU
		{F90782AB-EA58-F03D-6910-82F55581A94E}.Debug|Any CPU.ActiveCfg = Debug|Any CPU
		{F90782AB-EA58-F03D-6910-82F55581A94E}.Debug|Any CPU.Build.0 = Debug|Any CPU
		{F90782AB-EA58-F03D-6910-82F55581A94E}.Release|Any CPU.ActiveCfg = Release|Any CPU
		{F90782AB-EA58-F03D-6910-82F55581A94E}.Release|Any CPU.Build.0 = Release|Any CPU
		{03745A1F-C624-14AB-6F4B-7797258A5448}.Debug|Any CPU.ActiveCfg = Debug|Any CPU
		{03745A1F-C624-14AB-6F4B-7797258A5448}.Debug|Any CPU.Build.0 = Debug|Any CPU
		{03745A1F-C624-14AB-6F4B-7797258A5448}.Release|Any CPU.ActiveCfg = Release|Any CPU
		{03745A1F-C624-14AB-6F4B-7797258A5448}.Release|Any CPU.Build.0 = Release|Any CPU
		{DD1A2670-CE07-28E8-958F-F1BBF379B2F7}.Debug|Any CPU.ActiveCfg = Debug|Any CPU
		{DD1A2670-CE07-28E8-958F-F1BBF379B2F7}.Debug|Any CPU.Build.0 = Debug|Any CPU
		{DD1A2670-CE07-28E8-958F-F1BBF379B2F7}.Release|Any CPU.ActiveCfg = Release|Any CPU
		{DD1A2670-CE07-28E8-958F-F1BBF379B2F7}.Release|Any CPU.Build.0 = Release|Any CPU
		{F6F8FD86-0F3F-2982-0F17-021A2921FB10}.Debug|Any CPU.ActiveCfg = Debug|Any CPU
		{F6F8FD86-0F3F-2982-0F17-021A2921FB10}.Debug|Any CPU.Build.0 = Debug|Any CPU
		{F6F8FD86-0F3F-2982-0F17-021A2921FB10}.Release|Any CPU.ActiveCfg = Release|Any CPU
		{F6F8FD86-0F3F-2982-0F17-021A2921FB10}.Release|Any CPU.Build.0 = Release|Any CPU
		{0DEC0BD9-BA98-5123-DFD5-A324BE3B14B1}.Debug|Any CPU.ActiveCfg = Debug|Any CPU
		{0DEC0BD9-BA98-5123-DFD5-A324BE3B14B1}.Debug|Any CPU.Build.0 = Debug|Any CPU
		{0DEC0BD9-BA98-5123-DFD5-A324BE3B14B1}.Release|Any CPU.ActiveCfg = Release|Any CPU
		{0DEC0BD9-BA98-5123-DFD5-A324BE3B14B1}.Release|Any CPU.Build.0 = Release|Any CPU
		{DC6072E9-9323-4326-0283-7C81352C8C22}.Debug|Any CPU.ActiveCfg = Debug|Any CPU
		{DC6072E9-9323-4326-0283-7C81352C8C22}.Debug|Any CPU.Build.0 = Debug|Any CPU
		{DC6072E9-9323-4326-0283-7C81352C8C22}.Release|Any CPU.ActiveCfg = Release|Any CPU
		{DC6072E9-9323-4326-0283-7C81352C8C22}.Release|Any CPU.Build.0 = Release|Any CPU
		{5605CDCE-B584-535A-0198-5FF636A3F2E9}.Debug|Any CPU.ActiveCfg = Debug|Any CPU
		{5605CDCE-B584-535A-0198-5FF636A3F2E9}.Debug|Any CPU.Build.0 = Debug|Any CPU
		{5605CDCE-B584-535A-0198-5FF636A3F2E9}.Release|Any CPU.ActiveCfg = Release|Any CPU
		{5605CDCE-B584-535A-0198-5FF636A3F2E9}.Release|Any CPU.Build.0 = Release|Any CPU
		{F4A75C6A-D492-05AF-904C-D837276BDDA1}.Debug|Any CPU.ActiveCfg = Debug|Any CPU
		{F4A75C6A-D492-05AF-904C-D837276BDDA1}.Debug|Any CPU.Build.0 = Debug|Any CPU
		{F4A75C6A-D492-05AF-904C-D837276BDDA1}.Release|Any CPU.ActiveCfg = Release|Any CPU
		{F4A75C6A-D492-05AF-904C-D837276BDDA1}.Release|Any CPU.Build.0 = Release|Any CPU
		{29AFDD36-3AC6-5095-41C1-9FDE3F24E50A}.Debug|Any CPU.ActiveCfg = Debug|Any CPU
		{29AFDD36-3AC6-5095-41C1-9FDE3F24E50A}.Debug|Any CPU.Build.0 = Debug|Any CPU
		{29AFDD36-3AC6-5095-41C1-9FDE3F24E50A}.Release|Any CPU.ActiveCfg = Release|Any CPU
		{29AFDD36-3AC6-5095-41C1-9FDE3F24E50A}.Release|Any CPU.Build.0 = Release|Any CPU
		{3872ECBA-B49E-D475-E766-ACD7DFD191F9}.Debug|Any CPU.ActiveCfg = Debug|Any CPU
		{3872ECBA-B49E-D475-E766-ACD7DFD191F9}.Debug|Any CPU.Build.0 = Debug|Any CPU
		{3872ECBA-B49E-D475-E766-ACD7DFD191F9}.Release|Any CPU.ActiveCfg = Release|Any CPU
		{3872ECBA-B49E-D475-E766-ACD7DFD191F9}.Release|Any CPU.Build.0 = Release|Any CPU
		{A4D68600-85B9-6CA0-2DA4-04BAED8CC68B}.Debug|Any CPU.ActiveCfg = Debug|Any CPU
		{A4D68600-85B9-6CA0-2DA4-04BAED8CC68B}.Debug|Any CPU.Build.0 = Debug|Any CPU
		{A4D68600-85B9-6CA0-2DA4-04BAED8CC68B}.Release|Any CPU.ActiveCfg = Release|Any CPU
		{A4D68600-85B9-6CA0-2DA4-04BAED8CC68B}.Release|Any CPU.Build.0 = Release|Any CPU
		{2E8DB0D1-327B-A8BC-7B2E-A484BBF31EC1}.Debug|Any CPU.ActiveCfg = Debug|Any CPU
		{2E8DB0D1-327B-A8BC-7B2E-A484BBF31EC1}.Debug|Any CPU.Build.0 = Debug|Any CPU
		{2E8DB0D1-327B-A8BC-7B2E-A484BBF31EC1}.Release|Any CPU.ActiveCfg = Release|Any CPU
		{2E8DB0D1-327B-A8BC-7B2E-A484BBF31EC1}.Release|Any CPU.Build.0 = Release|Any CPU
		{4719180B-1371-493F-D1F4-CFD812D69130}.Debug|Any CPU.ActiveCfg = Debug|Any CPU
		{4719180B-1371-493F-D1F4-CFD812D69130}.Debug|Any CPU.Build.0 = Debug|Any CPU
		{4719180B-1371-493F-D1F4-CFD812D69130}.Release|Any CPU.ActiveCfg = Release|Any CPU
		{4719180B-1371-493F-D1F4-CFD812D69130}.Release|Any CPU.Build.0 = Release|Any CPU
		{E3B9D331-CEF6-B2D7-292E-52D5D38C9CE8}.Debug|Any CPU.ActiveCfg = Debug|Any CPU
		{E3B9D331-CEF6-B2D7-292E-52D5D38C9CE8}.Debug|Any CPU.Build.0 = Debug|Any CPU
		{E3B9D331-CEF6-B2D7-292E-52D5D38C9CE8}.Release|Any CPU.ActiveCfg = Release|Any CPU
		{E3B9D331-CEF6-B2D7-292E-52D5D38C9CE8}.Release|Any CPU.Build.0 = Release|Any CPU
		{B9E3AE94-BFC2-6012-7BAC-AD01770FEFBB}.Debug|Any CPU.ActiveCfg = Debug|Any CPU
		{B9E3AE94-BFC2-6012-7BAC-AD01770FEFBB}.Debug|Any CPU.Build.0 = Debug|Any CPU
		{B9E3AE94-BFC2-6012-7BAC-AD01770FEFBB}.Release|Any CPU.ActiveCfg = Release|Any CPU
		{B9E3AE94-BFC2-6012-7BAC-AD01770FEFBB}.Release|Any CPU.Build.0 = Release|Any CPU
		{E25BEC1E-EB20-5416-4024-323212446D20}.Debug|Any CPU.ActiveCfg = Debug|Any CPU
		{E25BEC1E-EB20-5416-4024-323212446D20}.Debug|Any CPU.Build.0 = Debug|Any CPU
		{E25BEC1E-EB20-5416-4024-323212446D20}.Release|Any CPU.ActiveCfg = Release|Any CPU
		{E25BEC1E-EB20-5416-4024-323212446D20}.Release|Any CPU.Build.0 = Release|Any CPU
		{F3FA9C84-B8B6-0211-1A0B-F170B9CB2EFA}.Debug|Any CPU.ActiveCfg = Debug|Any CPU
		{F3FA9C84-B8B6-0211-1A0B-F170B9CB2EFA}.Debug|Any CPU.Build.0 = Debug|Any CPU
		{F3FA9C84-B8B6-0211-1A0B-F170B9CB2EFA}.Release|Any CPU.ActiveCfg = Release|Any CPU
		{F3FA9C84-B8B6-0211-1A0B-F170B9CB2EFA}.Release|Any CPU.Build.0 = Release|Any CPU
	EndGlobalSection
	GlobalSection(SolutionProperties) = preSolution
		HideSolutionNode = FALSE
	EndGlobalSection
EndGlobal
